
Microsoft Visual Studio Solution File, Format Version 12.00
# Visual Studio Version 17
VisualStudioVersion = 17.7.34221.43
MinimumVisualStudioVersion = 10.0.40219.1
Project("{FAE04EC0-301F-11D3-BF4B-00C04F79EFBC}") = "Models", "Models.csproj", "{9276338A-B681-4FA4-AF26-38F229C92A44}"
EndProject
Project("{FAE04EC0-301F-11D3-BF4B-00C04F79EFBC}") = "BLL", "..\BLL\BLL.csproj", "{0209490A-E0EE-4178-AAA0-2400CCFAC232}"
EndProject
Project("{FAE04EC0-301F-11D3-BF4B-00C04F79EFBC}") = "DAL", "..\DAL\DAL.csproj", "{4299CC38-8A42-49B8-9050-335A627AE4E8}"
EndProject
Global
	GlobalSection(SolutionConfigurationPlatforms) = preSolution
		Debug|Any CPU = Debug|Any CPU
		Release|Any CPU = Release|Any CPU
	EndGlobalSection
	GlobalSection(ProjectConfigurationPlatforms) = postSolution
		{9276338A-B681-4FA4-AF26-38F229C92A44}.Debug|Any CPU.ActiveCfg = Debug|Any CPU
		{9276338A-B681-4FA4-AF26-38F229C92A44}.Debug|Any CPU.Build.0 = Debug|Any CPU
		{9276338A-B681-4FA4-AF26-38F229C92A44}.Release|Any CPU.ActiveCfg = Release|Any CPU
		{9276338A-B681-4FA4-AF26-38F229C92A44}.Release|Any CPU.Build.0 = Release|Any CPU
		{0209490A-E0EE-4178-AAA0-2400CCFAC232}.Debug|Any CPU.ActiveCfg = Debug|Any CPU
		{0209490A-E0EE-4178-AAA0-2400CCFAC232}.Debug|Any CPU.Build.0 = Debug|Any CPU
		{0209490A-E0EE-4178-AAA0-2400CCFAC232}.Release|Any CPU.ActiveCfg = Release|Any CPU
		{0209490A-E0EE-4178-AAA0-2400CCFAC232}.Release|Any CPU.Build.0 = Release|Any CPU
		{4299CC38-8A42-49B8-9050-335A627AE4E8}.Debug|Any CPU.ActiveCfg = Debug|Any CPU
		{4299CC38-8A42-49B8-9050-335A627AE4E8}.Debug|Any CPU.Build.0 = Debug|Any CPU
		{4299CC38-8A42-49B8-9050-335A627AE4E8}.Release|Any CPU.ActiveCfg = Release|Any CPU
		{4299CC38-8A42-49B8-9050-335A627AE4E8}.Release|Any CPU.Build.0 = Release|Any CPU
	EndGlobalSection
	GlobalSection(SolutionProperties) = preSolution
		HideSolutionNode = FALSE
	EndGlobalSection
	GlobalSection(ExtensibilityGlobals) = postSolution
		SolutionGuid = {E516B535-EF71-42D1-90BE-008C21FE0B86}
	EndGlobalSection
EndGlobal
